<?xml version="1.0" encoding="UTF-8" standalone="yes" ?>
<CodeBlocks_project_file>
	<FileVersion major="1" minor="6" />
	<Project>
		<Option title="Memory_time_model" />
		<Option pch_mode="2" />
		<Option compiler="gcc" />
		<Build>
			<Target title="Debug">
				<Option output="bin/Debug/Memory_time_model" prefix_auto="1" extension_auto="1" />
				<Option object_output="obj/Debug/" />
				<Option type="1" />
				<Option compiler="gcc" />
				<Compiler>
					<Add option="-g" />
				</Compiler>
			</Target>
			<Target title="Release">
				<Option output="bin/Release/Memory_time_model" prefix_auto="1" extension_auto="1" />
				<Option object_output="obj/Release/" />
				<Option type="1" />
				<Option compiler="gcc" />
				<Compiler>
					<Add option="-O2" />
				</Compiler>
				<Linker>
					<Add option="-s" />
				</Linker>
			</Target>
		</Build>
		<Compiler>
			<Add option="-Wall" />
			<Add option="-fexceptions" />
		</Compiler>
		<Unit filename="Associative_model.cpp" />
		<Unit filename="Associative_model.h" />
		<Unit filename="Chronological_model.cpp" />
		<Unit filename="Chronological_model.h" />
		<Unit filename="Chronological_model_for_delay.cpp" />
		<Unit filename="Chronological_model_for_delay.h" />
		<Unit filename="Confidence_estimation.cpp" />
		<Unit filename="Confidence_estimation.h" />
		<Unit filename="Food_calculation.cpp" />
		<Unit filename="Food_calculation.h" />
		<Unit filename="Null_model.cpp" />
		<Unit filename="Null_model.h" />
		<Unit filename="Null_working_memory_model.cpp" />
		<Unit filename="Null_working_memory_model.h" />
		<Unit filename="Omniscient_model.cpp" />
		<Unit filename="Omniscient_model.h" />
		<Unit filename="main.cpp" />
		<Extensions>
			<code_completion />
			<envvars />
			<debugger />
			<lib_finder disable_auto="1" />
		</Extensions>
	</Project>
</CodeBlocks_project_file>
